
Microsoft Visual Studio Solution File, Format Version 12.00
# Visual Studio 15
VisualStudioVersion = 15.0.27703.2000
MinimumVisualStudioVersion = 10.0.40219.1
Project("{FAE04EC0-301F-11D3-BF4B-00C04F79EFBC}") = "StudentAuthApplication", "StudentAuthApplication\StudentAuthApplication.csproj", "{B7C33D58-8437-42CB-852C-2D01D8AAD50B}"
EndProject
Project("{FAE04EC0-301F-11D3-BF4B-00C04F79EFBC}") = "StudentAuthApplication.Cache", "StudentAuthApplication.Cache\StudentAuthApplication.Cache.csproj", "{A45BB6A4-C2C0-498F-A5F9-AE552DF64778}"
EndProject
Global
	GlobalSection(SolutionConfigurationPlatforms) = preSolution
		Debug|Any CPU = Debug|Any CPU
		Release|Any CPU = Release|Any CPU
	EndGlobalSection
	GlobalSection(ProjectConfigurationPlatforms) = postSolution
		{B7C33D58-8437-42CB-852C-2D01D8AAD50B}.Debug|Any CPU.ActiveCfg = Debug|Any CPU
		{B7C33D58-8437-42CB-852C-2D01D8AAD50B}.Debug|Any CPU.Build.0 = Debug|Any CPU
		{B7C33D58-8437-42CB-852C-2D01D8AAD50B}.Release|Any CPU.ActiveCfg = Release|Any CPU
		{B7C33D58-8437-42CB-852C-2D01D8AAD50B}.Release|Any CPU.Build.0 = Release|Any CPU
		{A45BB6A4-C2C0-498F-A5F9-AE552DF64778}.Debug|Any CPU.ActiveCfg = Debug|Any CPU
		{A45BB6A4-C2C0-498F-A5F9-AE552DF64778}.Debug|Any CPU.Build.0 = Debug|Any CPU
		{A45BB6A4-C2C0-498F-A5F9-AE552DF64778}.Release|Any CPU.ActiveCfg = Release|Any CPU
		{A45BB6A4-C2C0-498F-A5F9-AE552DF64778}.Release|Any CPU.Build.0 = Release|Any CPU
	EndGlobalSection
	GlobalSection(SolutionProperties) = preSolution
		HideSolutionNode = FALSE
	EndGlobalSection
	GlobalSection(ExtensibilityGlobals) = postSolution
		SolutionGuid = {30FAEF4E-A6D7-4DEA-BF47-A79EFCF60A86}
	EndGlobalSection
EndGlobal
